{
  "name": "assets",
  "lockfileVersion": 2,
  "requires": true,
  "packages": {
    "": {
      "dependencies": {
        "leaflet": "^1.8.0",
        "leaflet-control-geocoder": "^2.4.0",
        "valtio": "^1.7.0"
      }
    },
    "node_modules/js-tokens": {
      "version": "4.0.0",
      "resolved": "https://registry.npmjs.org/js-tokens/-/js-tokens-4.0.0.tgz",
      "integrity": "sha512-RdJUflcE3cUzKiMqQgsCu06FPu9UdIJO0beYbPhHN4k6apgJtifcoCtT9bcxOpYBtpD2kCM6Sbzg4CausW/PKQ==",
      "peer": true
    },
    "node_modules/leaflet": {
      "version": "1.8.0",
      "resolved": "https://registry.npmjs.org/leaflet/-/leaflet-1.8.0.tgz",
      "integrity": "sha512-gwhMjFCQiYs3x/Sf+d49f10ERXaEFCPr+nVTryhAW8DWbMGqJqt9G4XuIaHmFW08zYvhgdzqXGr8AlW8v8dQkA=="
    },
    "node_modules/leaflet-control-geocoder": {
      "version": "2.4.0",
      "resolved": "https://registry.npmjs.org/leaflet-control-geocoder/-/leaflet-control-geocoder-2.4.0.tgz",
      "integrity": "sha512-b2QlxuFd40uIDbnoUI3U9fzfnB4yKUYlmsXjquJ2d2YjoJqnyVYcIJeErAVv3kPvX3nI0gzvBq1XHMgSVFrGkQ==",
      "optionalDependencies": {
        "open-location-code": "^1.0.0"
      },
      "peerDependencies": {
        "leaflet": "^1.6.0"
      }
    },
    "node_modules/loose-envify": {
      "version": "1.4.0",
      "resolved": "https://registry.npmjs.org/loose-envify/-/loose-envify-1.4.0.tgz",
      "integrity": "sha512-lyuxPGr/Wfhrlem2CL/UcnUc1zcqKAImBDzukY7Y5F/yQiNdko6+fRLevlw1HgMySw7f611UIY408EtxRSoK3Q==",
      "peer": true,
      "dependencies": {
        "js-tokens": "^3.0.0 || ^4.0.0"
      },
      "bin": {
        "loose-envify": "cli.js"
      }
    },
    "node_modules/open-location-code": {
      "version": "1.0.3",
      "resolved": "https://registry.npmjs.org/open-location-code/-/open-location-code-1.0.3.tgz",
      "integrity": "sha512-DBm14BSn40Ee241n80zIFXIT6+y8Tb0I+jTdosLJ8Sidvr2qONvymwqymVbHV2nS+1gkDZ5eTNpnOIVV0Kn2fw==",
      "optional": true
    },
    "node_modules/proxy-compare": {
      "version": "2.3.0",
      "resolved": "https://registry.npmjs.org/proxy-compare/-/proxy-compare-2.3.0.tgz",
      "integrity": "sha512-c3L2CcAi7f7pvlD0D7xsF+2CQIW8C3HaYx2Pfgq8eA4HAl3GAH6/dVYsyBbYF/0XJs2ziGLrzmz5fmzPm6A0pQ=="
    },
    "node_modules/react": {
      "version": "18.2.0",
      "resolved": "https://registry.npmjs.org/react/-/react-18.2.0.tgz",
      "integrity": "sha512-/3IjMdb2L9QbBdWiW5e3P2/npwMBaU9mHCSCUzNln0ZCYbcfTsGbTJrU/kGemdH2IWmB2ioZ+zkxtmq6g09fGQ==",
      "peer": true,
      "dependencies": {
        "loose-envify": "^1.1.0"
      },
      "engines": {
        "node": ">=0.10.0"
      }
    },
    "node_modules/use-sync-external-store": {
      "version": "1.2.0",
      "resolved": "https://registry.npmjs.org/use-sync-external-store/-/use-sync-external-store-1.2.0.tgz",
      "integrity": "sha512-eEgnFxGQ1Ife9bzYs6VLi8/4X6CObHMw9Qr9tPY43iKwsPw8xE8+EFsf/2cFZ5S3esXgpWgtSCtLNS41F+sKPA==",
      "peerDependencies": {
        "react": "^16.8.0 || ^17.0.0 || ^18.0.0"
      }
    },
    "node_modules/valtio": {
      "version": "1.7.0",
      "resolved": "https://registry.npmjs.org/valtio/-/valtio-1.7.0.tgz",
      "integrity": "sha512-3Tnix66EERwMcrl1rfB3ylcewOcL5L/GiPmC3FlVNreQzqf2jufEeqlNmgnLgSGchkEmH3WYVtS+x6Qw4r+yzQ==",
      "dependencies": {
        "proxy-compare": "2.3.0",
        "use-sync-external-store": "1.2.0"
      },
      "engines": {
        "node": ">=12.7.0"
      },
      "peerDependencies": {
        "@babel/helper-module-imports": ">=7.12",
        "@babel/types": ">=7.13",
        "aslemammad-vite-plugin-macro": ">=1.0.0-alpha.1",
        "babel-plugin-macros": ">=3.0",
        "react": ">=16.8",
        "vite": ">=2.8.6"
      },
      "peerDependenciesMeta": {
        "@babel/helper-module-imports": {
          "optional": true
        },
        "@babel/types": {
          "optional": true
        },
        "aslemammad-vite-plugin-macro": {
          "optional": true
        },
        "babel-plugin-macros": {
          "optional": true
        },
        "react": {
          "optional": true
        },
        "vite": {
          "optional": true
        }
      }
    }
  },
  "dependencies": {
    "js-tokens": {
      "version": "4.0.0",
      "resolved": "https://registry.npmjs.org/js-tokens/-/js-tokens-4.0.0.tgz",
      "integrity": "sha512-RdJUflcE3cUzKiMqQgsCu06FPu9UdIJO0beYbPhHN4k6apgJtifcoCtT9bcxOpYBtpD2kCM6Sbzg4CausW/PKQ==",
      "peer": true
    },
    "leaflet": {
      "version": "1.8.0",
      "resolved": "https://registry.npmjs.org/leaflet/-/leaflet-1.8.0.tgz",
      "integrity": "sha512-gwhMjFCQiYs3x/Sf+d49f10ERXaEFCPr+nVTryhAW8DWbMGqJqt9G4XuIaHmFW08zYvhgdzqXGr8AlW8v8dQkA=="
    },
    "leaflet-control-geocoder": {
      "version": "2.4.0",
      "resolved": "https://registry.npmjs.org/leaflet-control-geocoder/-/leaflet-control-geocoder-2.4.0.tgz",
      "integrity": "sha512-b2QlxuFd40uIDbnoUI3U9fzfnB4yKUYlmsXjquJ2d2YjoJqnyVYcIJeErAVv3kPvX3nI0gzvBq1XHMgSVFrGkQ==",
      "requires": {
        "open-location-code": "^1.0.0"
      }
    },
    "loose-envify": {
      "version": "1.4.0",
      "resolved": "https://registry.npmjs.org/loose-envify/-/loose-envify-1.4.0.tgz",
      "integrity": "sha512-lyuxPGr/Wfhrlem2CL/UcnUc1zcqKAImBDzukY7Y5F/yQiNdko6+fRLevlw1HgMySw7f611UIY408EtxRSoK3Q==",
      "peer": true,
      "requires": {
        "js-tokens": "^3.0.0 || ^4.0.0"
      }
    },
    "open-location-code": {
      "version": "1.0.3",
      "resolved": "https://registry.npmjs.org/open-location-code/-/open-location-code-1.0.3.tgz",
      "integrity": "sha512-DBm14BSn40Ee241n80zIFXIT6+y8Tb0I+jTdosLJ8Sidvr2qONvymwqymVbHV2nS+1gkDZ5eTNpnOIVV0Kn2fw==",
      "optional": true
    },
    "proxy-compare": {
      "version": "2.3.0",
      "resolved": "https://registry.npmjs.org/proxy-compare/-/proxy-compare-2.3.0.tgz",
      "integrity": "sha512-c3L2CcAi7f7pvlD0D7xsF+2CQIW8C3HaYx2Pfgq8eA4HAl3GAH6/dVYsyBbYF/0XJs2ziGLrzmz5fmzPm6A0pQ=="
    },
    "react": {
      "version": "18.2.0",
      "resolved": "https://registry.npmjs.org/react/-/react-18.2.0.tgz",
      "integrity": "sha512-/3IjMdb2L9QbBdWiW5e3P2/npwMBaU9mHCSCUzNln0ZCYbcfTsGbTJrU/kGemdH2IWmB2ioZ+zkxtmq6g09fGQ==",
      "peer": true,
      "requires": {
        "loose-envify": "^1.1.0"
      }
    },
    "use-sync-external-store": {
      "version": "1.2.0",
      "resolved": "https://registry.npmjs.org/use-sync-external-store/-/use-sync-external-store-1.2.0.tgz",
      "integrity": "sha512-eEgnFxGQ1Ife9bzYs6VLi8/4X6CObHMw9Qr9tPY43iKwsPw8xE8+EFsf/2cFZ5S3esXgpWgtSCtLNS41F+sKPA==",
      "requires": {}
    },
    "valtio": {
      "version": "1.7.0",
      "resolved": "https://registry.npmjs.org/valtio/-/valtio-1.7.0.tgz",
      "integrity": "sha512-3Tnix66EERwMcrl1rfB3ylcewOcL5L/GiPmC3FlVNreQzqf2jufEeqlNmgnLgSGchkEmH3WYVtS+x6Qw4r+yzQ==",
      "requires": {
        "proxy-compare": "2.3.0",
        "use-sync-external-store": "1.2.0"
      }
    }
  }
}
